// !$*UTF8*$!
{
	archiveVersion = 1;
	classes = {
	};
	objectVersion = 46;
	objects = {

/* Begin PBXBuildFile section */
		BF8FCF981BFFB184000FCD37 /* RNSensitiveInfo.h in CopyFiles */ = {isa = PBXBuildFile; fileRef = BF8FCF971BFFB184000FCD37 /* RNSensitiveInfo.h */; };
		BF8FCF9A1BFFB184000FCD37 /* RNSensitiveInfo.m in Sources */ = {isa = PBXBuildFile; fileRef = BF8FCF991BFFB184000FCD37 /* RNSensitiveInfo.m */; };
/* End PBXBuildFile section */

/* Begin PBXCopyFilesBuildPhase section */
		BF8FCF921BFFB184000FCD37 /* CopyFiles */ = {
			isa = PBXCopyFilesBuildPhase;
			buildActionMask = 2147483647;
			dstPath = "include/$(PRODUCT_NAME)";
			dstSubfolderSpec = 16;
			files = (
				BF8FCF981BFFB184000FCD37 /* RNSensitiveInfo.h in CopyFiles */,
			);
			runOnlyForDeploymentPostprocessing = 0;
		};
/* End PBXCopyFilesBuildPhase section */

/* Begin PBXFileReference section */
		BF8FCF941BFFB184000FCD37 /* libRNSensitiveInfo.a */ = {isa = PBXFileReference; explicitFileType = archive.ar; includeInIndex = 0; path = libRNSensitiveInfo.a; sourceTree = BUILT_PRODUCTS_DIR; };
		BF8FCF971BFFB184000FCD37 /* RNSensitiveInfo.h */ = {isa = PBXFileReference; lastKnownFileType = sourcecode.c.h; path = RNSensitiveInfo.h; sourceTree = "<group>"; };
		BF8FCF991BFFB184000FCD37 /* RNSensitiveInfo.m */ = {isa = PBXFileReference; lastKnownFileType = sourcecode.c.objc; path = RNSensitiveInfo.m; sourceTree = "<group>"; };
/* End PBXFileReference section */

/* Begin PBXFrameworksBuildPhase section */
		BF8FCF911BFFB184000FCD37 /* Frameworks */ = {
			isa = PBXFrameworksBuildPhase;
			buildActionMask = 2147483647;
			files = (
			);
			runOnlyForDeploymentPostprocessing = 0;
		};
/* End PBXFrameworksBuildPhase section */

/* Begin PBXGroup section */
		BF8FCF8B1BFFB184000FCD37 = {
			isa = PBXGroup;
			children = (
				BF8FCF961BFFB184000FCD37 /* RNSensitiveInfo */,
				BF8FCF951BFFB184000FCD37 /* Products */,
			);
			sourceTree = "<group>";
		};
		BF8FCF951BFFB184000FCD37 /* Products */ = {
			isa = PBXGroup;
			children = (
				BF8FCF941BFFB184000FCD37 /* libRNSensitiveInfo.a */,
			);
			name = Products;
			sourceTree = "<group>";
		};
		BF8FCF961BFFB184000FCD37 /* RNSensitiveInfo */ = {
			isa = PBXGroup;
			children = (
				BF8FCF971BFFB184000FCD37 /* RNSensitiveInfo.h */,
				BF8FCF991BFFB184000FCD37 /* RNSensitiveInfo.m */,
			);
			path = RNSensitiveInfo;
			sourceTree = "<group>";
		};
/* End PBXGroup section */

/* Begin PBXNativeTarget section */
		BF8FCF931BFFB184000FCD37 /* RNSensitiveInfo */ = {
			isa = PBXNativeTarget;
			buildConfigurationList = BF8FCF9D1BFFB184000FCD37 /* Build configuration list for PBXNativeTarget "RNSensitiveInfo" */;
			buildPhases = (
				BF8FCF901BFFB184000FCD37 /* Sources */,
				BF8FCF911BFFB184000FCD37 /* Frameworks */,
				BF8FCF921BFFB184000FCD37 /* CopyFiles */,
			);
			buildRules = (
			);
			dependencies = (
			);
			name = RNSensitiveInfo;
			productName = RNSensitiveInfo;
			productReference = BF8FCF941BFFB184000FCD37 /* libRNSensitiveInfo.a */;
			productType = "com.apple.product-type.library.static";
		};
/* End PBXNativeTarget section */

/* Begin PBXProject section */
		BF8FCF8C1BFFB184000FCD37 /* Project object */ = {
			isa = PBXProject;
			attributes = {
				LastUpgradeCheck = 0710;
				ORGANIZATIONNAME = devfd;
				TargetAttributes = {
					BF8FCF931BFFB184000FCD37 = {
						CreatedOnToolsVersion = 7.1.1;
					};
				};
			};
			buildConfigurationList = BF8FCF8F1BFFB184000FCD37 /* Build configuration list for PBXProject "RNSensitiveInfo" */;
			compatibilityVersion = "Xcode 3.2";
			developmentRegion = English;
			hasScannedForEncodings = 0;
			knownRegions = (
				en,
			);
			mainGroup = BF8FCF8B1BFFB184000FCD37;
			productRefGroup = BF8FCF951BFFB184000FCD37 /* Products */;
			projectDirPath = "";
			projectRoot = "";
			targets = (
				BF8FCF931BFFB184000FCD37 /* RNSensitiveInfo */,
			);
		};
/* End PBXProject section */

/* Begin PBXSourcesBuildPhase section */
		BF8FCF901BFFB184000FCD37 /* Sources */ = {
			isa = PBXSourcesBuildPhase;
			buildActionMask = 2147483647;
			files = (
				BF8FCF9A1BFFB184000FCD37 /* RNSensitiveInfo.m in Sources */,
			);
			runOnlyForDeploymentPostprocessing = 0;
		};
/* End PBXSourcesBuildPhase section */

/* Begin XCBuildConfiguration section */
		BF8FCF9B1BFFB184000FCD37 /* Debug */ = {
			isa = XCBuildConfiguration;
			buildSettings = {
				ALWAYS_SEARCH_USER_PATHS = NO;
				CLANG_CXX_LANGUAGE_STANDARD = "gnu++0x";
				CLANG_CXX_LIBRARY = "libc++";
				CLANG_ENABLE_MODULES = YES;
				CLANG_ENABLE_OBJC_ARC = YES;
				CLANG_WARN_BOOL_CONVERSION = YES;
				CLANG_WARN_CONSTANT_CONVERSION = YES;
				CLANG_WARN_DIRECT_OBJC_ISA_USAGE = YES_ERROR;
				CLANG_WARN_EMPTY_BODY = YES;
				CLANG_WARN_ENUM_CONVERSION = YES;
				CLANG_WARN_INT_CONVERSION = YES;
				CLANG_WARN_OBJC_ROOT_CLASS = YES_ERROR;
				CLANG_WARN_UNREACHABLE_CODE = YES;
				CLANG_WARN__DUPLICATE_METHOD_MATCH = YES;
				"CODE_SIGN_IDENTITY[sdk=iphoneos*]" = "iPhone Developer";
				COPY_PHASE_STRIP = NO;
				DEBUG_INFORMATION_FORMAT = dwarf;
				ENABLE_STRICT_OBJC_MSGSEND = YES;
				ENABLE_TESTABILITY = YES;
				GCC_C_LANGUAGE_STANDARD = gnu99;
				GCC_DYNAMIC_NO_PIC = NO;
				GCC_NO_COMMON_BLOCKS = YES;
				GCC_OPTIMIZATION_LEVEL = 0;
				GCC_PREPROCESSOR_DEFINITIONS = (
					"DEBUG=1",
					"$(inherited)",
				);
				GCC_WARN_64_TO_32_BIT_CONVERSION = YES;
				GCC_WARN_ABOUT_RETURN_TYPE = YES_ERROR;
				GCC_WARN_UNDECLARED_SELECTOR = YES;
				GCC_WARN_UNINITIALIZED_AUTOS = YES_AGGRESSIVE;
				GCC_WARN_UNUSED_FUNCTION = YES;
				GCC_WARN_UNUSED_VARIABLE = YES;
				IPHONEOS_DEPLOYMENT_TARGET = 9.1;
				MTL_ENABLE_DEBUG_INFO = YES;
				ONLY_ACTIVE_ARCH = YES;
				SDKROOT = iphoneos;
			};
			name = Debug;
		};
		BF8FCF9C1BFFB184000FCD37 /* Release */ = {
			isa = XCBuildConfiguration;
			buildSettings = {
				ALWAYS_SEARCH_USER_PATHS = NO;
				CLANG_CXX_LANGUAGE_STANDARD = "gnu++0x";
				CLANG_CXX_LIBRARY = "libc++";
				CLANG_ENABLE_MODULES = YES;
				CLANG_ENABLE_OBJC_ARC = YES;
				CLANG_WARN_BOOL_CONVERSION = YES;
				CLANG_WARN_CONSTANT_CONVERSION = YES;
				CLANG_WARN_DIRECT_OBJC_ISA_USAGE = YES_ERROR;
				CLANG_WARN_EMPTY_BODY = YES;
				CLANG_WARN_ENUM_CONVERSION = YES;
				CLANG_WARN_INT_CONVERSION = YES;
				CLANG_WARN_OBJC_ROOT_CLASS = YES_ERROR;
				CLANG_WARN_UNREACHABLE_CODE = YES;
				CLANG_WARN__DUPLICATE_METHOD_MATCH = YES;
				"CODE_SIGN_IDENTITY[sdk=iphoneos*]" = "iPhone Developer";
				COPY_PHASE_STRIP = NO;
				DEBUG_INFORMATION_FORMAT = "dwarf-with-dsym";
				ENABLE_NS_ASSERTIONS = NO;
				ENABLE_STRICT_OBJC_MSGSEND = YES;
				GCC_C_LANGUAGE_STANDARD = gnu99;
				GCC_NO_COMMON_BLOCKS = YES;
				GCC_WARN_64_TO_32_BIT_CONVERSION = YES;
				GCC_WARN_ABOUT_RETURN_TYPE = YES_ERROR;
				GCC_WARN_UNDECLARED_SELECTOR = YES;
				GCC_WARN_UNINITIALIZED_AUTOS = YES_AGGRESSIVE;
				GCC_WARN_UNUSED_FUNCTION = YES;
				GCC_WARN_UNUSED_VARIABLE = YES;
				IPHONEOS_DEPLOYMENT_TARGET = 9.1;
				MTL_ENABLE_DEBUG_INFO = NO;
				SDKROOT = iphoneos;
				VALIDATE_PRODUCT = YES;
			};
			name = Release;
		};
		BF8FCF9E1BFFB184000FCD37 /* Debug */ = {
			isa = XCBuildConfiguration;
			buildSettings = {
				HEADER_SEARCH_PATHS = "$(SRCROOT)/../../react-native/React/**";
				OTHER_LDFLAGS = "-ObjC";
				PRODUCT_NAME = "$(TARGET_NAME)";
				SKIP_INSTALL = YES;
			};
			name = Debug;
		};
		BF8FCF9F1BFFB184000FCD37 /* Release */ = {
			isa = XCBuildConfiguration;
			buildSettings = {
				HEADER_SEARCH_PATHS = "$(SRCROOT)/../../react-native/React/**";
				OTHER_LDFLAGS = "-ObjC";
				PRODUCT_NAME = "$(TARGET_NAME)";
				SKIP_INSTALL = YES;
			};
			name = Release;
		};
/* End XCBuildConfiguration section */

/* Begin XCConfigurationList section */
		BF8FCF8F1BFFB184000FCD37 /* Build configuration list for PBXProject "RNSensitiveInfo" */ = {
			isa = XCConfigurationList;
			buildConfigurations = (
				BF8FCF9B1BFFB184000FCD37 /* Debug */,
				BF8FCF9C1BFFB184000FCD37 /* Release */,
			);
			defaultConfigurationIsVisible = 0;
			defaultConfigurationName = Release;
		};
		BF8FCF9D1BFFB184000FCD37 /* Build configuration list for PBXNativeTarget "RNSensitiveInfo" */ = {
			isa = XCConfigurationList;
			buildConfigurations = (
				BF8FCF9E1BFFB184000FCD37 /* Debug */,
				BF8FCF9F1BFFB184000FCD37 /* Release */,
			);
			defaultConfigurationIsVisible = 0;
			defaultConfigurationName = Release;
		};
/* End XCConfigurationList section */
	};
	rootObject = BF8FCF8C1BFFB184000FCD37 /* Project object */;
}
